
Microsoft Visual Studio Solution File, Format Version 12.00
# Visual Studio Version 17
VisualStudioVersion = 17.14.36414.22
MinimumVisualStudioVersion = 10.0.40219.1
Project("{2150E333-8FDC-42A3-9474-1A3956D46DE8}") = "Task0", "Task0", "{02EA681E-C7D8-13C7-8484-4AC65E1B71E8}"
EndProject
Project("{2150E333-8FDC-42A3-9474-1A3956D46DE8}") = "Task1", "Task1", "{B7F65D84-382A-4AE9-88CD-9F7752FBC125}"
EndProject
Project("{2150E333-8FDC-42A3-9474-1A3956D46DE8}") = "Task2", "Task2", "{9ACFE146-E07A-4233-AAA7-2D794E442C25}"
EndProject
Project("{2150E333-8FDC-42A3-9474-1A3956D46DE8}") = "Task3", "Task3", "{C943FD77-8E8E-4EB3-BCBD-F01CC89EF4F9}"
EndProject
Project("{2150E333-8FDC-42A3-9474-1A3956D46DE8}") = "Task4", "Task4", "{4EC3DC4A-5E5F-45CD-8DB5-211DF3761BFF}"
EndProject
Project("{2150E333-8FDC-42A3-9474-1A3956D46DE8}") = "Task5", "Task5", "{171333B0-CAE7-4080-A5BA-C957CDC6F6E4}"
EndProject
Project("{2150E333-8FDC-42A3-9474-1A3956D46DE8}") = "Task6", "Task6", "{42F65EC5-3678-411E-A8DD-E79072BC0D19}"
EndProject
Project("{2150E333-8FDC-42A3-9474-1A3956D46DE8}") = "Task7", "Task7", "{044FC384-2764-4512-99B0-62821C776AE9}"
EndProject
Project("{FAE04EC0-301F-11D3-BF4B-00C04F79EFBC}") = "Tyuiu.KovalenkoMA.Sprint5.Task0.V2.Lib", "Tyuiu.KovalenkoMA.Sprint5.Task0.V2.Lib\Tyuiu.KovalenkoMA.Sprint5.Task0.V2.Lib.csproj", "{A4ADC55B-D3A9-4624-B089-0E2557ED251C}"
EndProject
Project("{FAE04EC0-301F-11D3-BF4B-00C04F79EFBC}") = "Tyuiu.KovalenkoMA.Sprint5.Task0.V2.Test", "Tyuiu.KovalenkoMA.Sprint5.Task0.V2.Test\Tyuiu.KovalenkoMA.Sprint5.Task0.V2.Test.csproj", "{0B4FC3BE-B901-4976-B777-6437172DE2A4}"
EndProject
Project("{FAE04EC0-301F-11D3-BF4B-00C04F79EFBC}") = "Tyuiu.KovalenkoMA.Sprint5.Task0.V2", "Tyuiu.KovalenkoMA.Sprint5.Task0.V2\Tyuiu.KovalenkoMA.Sprint5.Task0.V2.csproj", "{98E68A2D-D285-452D-913F-117C3D677996}"
EndProject
Project("{FAE04EC0-301F-11D3-BF4B-00C04F79EFBC}") = "Tyuiu.KovalenkoMA.Sprint5.Task1.V30.Lib", "Tyuiu.KovalenkoMA.Sprint5.Task1.V30.Lib\Tyuiu.KovalenkoMA.Sprint5.Task1.V30.Lib.csproj", "{20BC5697-C466-4F3F-9A0A-14752907439A}"
EndProject
Project("{FAE04EC0-301F-11D3-BF4B-00C04F79EFBC}") = "Tyuiu.KovalenkoMA.Sprint5.Task1.V30", "Tyuiu.KovalenkoMA.Sprint5.Task1.V30\Tyuiu.KovalenkoMA.Sprint5.Task1.V30.csproj", "{2DD0968F-681E-4C5E-9D74-8FF16F34BDE1}"
EndProject
Project("{FAE04EC0-301F-11D3-BF4B-00C04F79EFBC}") = "Tyuiu.KovalenkoMA.Sprint5.Task1.V30.Test", "Tyuiu.KovalenkoMA.Sprint5.Task1.V30.Test\Tyuiu.KovalenkoMA.Sprint5.Task1.V30.Test.csproj", "{2090D4B6-A49E-48C6-8563-234F3921844A}"
EndProject
Project("{FAE04EC0-301F-11D3-BF4B-00C04F79EFBC}") = "Tyuiu.KovalenkoMA.Sprint5.Task2.V3.Lib", "Tyuiu.KovalenkoMA.Sprint5.Task2.V3.Lib\Tyuiu.KovalenkoMA.Sprint5.Task2.V3.Lib.csproj", "{C5299879-4072-481E-A0C0-EC11555CEED8}"
EndProject
Project("{FAE04EC0-301F-11D3-BF4B-00C04F79EFBC}") = "Tyuiu.KovalenkoMA.Sprint5.Task2.V3.Test", "Tyuiu.KovalenkoMA.Sprint5.Task2.V3.Test\Tyuiu.KovalenkoMA.Sprint5.Task2.V3.Test.csproj", "{D790FF88-1734-42D2-9BD1-98E0B56D5F87}"
EndProject
Project("{FAE04EC0-301F-11D3-BF4B-00C04F79EFBC}") = "Tyuiu.KovalenkoMA.Sprint5.Task2.V3", "Tyuiu.KovalenkoMA.Sprint5.Task2.V3\Tyuiu.KovalenkoMA.Sprint5.Task2.V3.csproj", "{49807A97-C4B5-47A2-8C38-51F5661B019B}"
EndProject
Project("{FAE04EC0-301F-11D3-BF4B-00C04F79EFBC}") = "Tyuiu.KovalenkoMA.Sprint5.Task3.V15.Lib", "Tyuiu.KovalenkoMA.Sprint5.Task3.V15.Lib\Tyuiu.KovalenkoMA.Sprint5.Task3.V15.Lib.csproj", "{5DFE0BA7-49FE-4421-B8EB-1A82F6821B7A}"
EndProject
Project("{FAE04EC0-301F-11D3-BF4B-00C04F79EFBC}") = "Tyuiu.KovalenkoMA.Sprint5.Task3.V15", "Tyuiu.KovalenkoMA.Sprint5.Task3.V15\Tyuiu.KovalenkoMA.Sprint5.Task3.V15.csproj", "{9FE60E91-AA72-4088-B48C-3C75B899062B}"
EndProject
Project("{FAE04EC0-301F-11D3-BF4B-00C04F79EFBC}") = "Tyuiu.KovalenkoMA.Sprint5.Task3.V15.Test", "Tyuiu.KovalenkoMA.Sprint5.Task3.V15.Test\Tyuiu.KovalenkoMA.Sprint5.Task3.V15.Test.csproj", "{8915C7F3-AA91-41F8-ACCC-8644CAB223A9}"
EndProject
Project("{FAE04EC0-301F-11D3-BF4B-00C04F79EFBC}") = "Tyuiu.KovalenkoMA.Sprint5.Task4.V27.Lib", "Tyuiu.KovalenkoMA.Sprint5.Task4.V27.Lib\Tyuiu.KovalenkoMA.Sprint5.Task4.V27.Lib.csproj", "{65BD0455-0735-4F04-BB02-E5AEB8719C38}"
EndProject
Project("{FAE04EC0-301F-11D3-BF4B-00C04F79EFBC}") = "Tyuiu.KovalenkoMA.Sprint5.Task4.V27.Test", "Tyuiu.KovalenkoMA.Sprint5.Task4.V27.Test\Tyuiu.KovalenkoMA.Sprint5.Task4.V27.Test.csproj", "{C8FAB45E-FF86-426E-B872-5562C04A8BD6}"
EndProject
Project("{FAE04EC0-301F-11D3-BF4B-00C04F79EFBC}") = "Tyuiu.KovalenkoMA.Sprint5.Task4.V27", "Tyuiu.KovalenkoMA.Sprint5.Task4.V27\Tyuiu.KovalenkoMA.Sprint5.Task4.V27.csproj", "{C1364193-C54D-40BC-ADA2-776472262909}"
EndProject
Project("{FAE04EC0-301F-11D3-BF4B-00C04F79EFBC}") = "Tyuiu.KovalenkoMA.Sprint5.Task5.V26.Lib", "Tyuiu.KovalenkoMA.Sprint5.Task5.V26.Lib\Tyuiu.KovalenkoMA.Sprint5.Task5.V26.Lib.csproj", "{95C1A864-1182-4F75-BF3C-65F0CC7D1165}"
EndProject
Project("{FAE04EC0-301F-11D3-BF4B-00C04F79EFBC}") = "Tyuiu.KovalenkoMA.Sprint5.Task5.V26", "Tyuiu.KovalenkoMA.Sprint5.Task5.V26\Tyuiu.KovalenkoMA.Sprint5.Task5.V26.csproj", "{BD38631E-0E13-4216-A567-BF516B2B2B92}"
EndProject
Project("{FAE04EC0-301F-11D3-BF4B-00C04F79EFBC}") = "Tyuiu.KovalenkoMA.Sprint5.Task5.V26.Test", "Tyuiu.KovalenkoMA.Sprint5.Task5.V26.Test\Tyuiu.KovalenkoMA.Sprint5.Task5.V26.Test.csproj", "{4F1C4981-7684-42D0-9030-3EFCE7E886CD}"
EndProject
Global
	GlobalSection(SolutionConfigurationPlatforms) = preSolution
		Debug|Any CPU = Debug|Any CPU
		Release|Any CPU = Release|Any CPU
	EndGlobalSection
	GlobalSection(ProjectConfigurationPlatforms) = postSolution
		{A4ADC55B-D3A9-4624-B089-0E2557ED251C}.Debug|Any CPU.ActiveCfg = Debug|Any CPU
		{A4ADC55B-D3A9-4624-B089-0E2557ED251C}.Debug|Any CPU.Build.0 = Debug|Any CPU
		{A4ADC55B-D3A9-4624-B089-0E2557ED251C}.Release|Any CPU.ActiveCfg = Release|Any CPU
		{A4ADC55B-D3A9-4624-B089-0E2557ED251C}.Release|Any CPU.Build.0 = Release|Any CPU
		{0B4FC3BE-B901-4976-B777-6437172DE2A4}.Debug|Any CPU.ActiveCfg = Debug|Any CPU
		{0B4FC3BE-B901-4976-B777-6437172DE2A4}.Debug|Any CPU.Build.0 = Debug|Any CPU
		{0B4FC3BE-B901-4976-B777-6437172DE2A4}.Release|Any CPU.ActiveCfg = Release|Any CPU
		{0B4FC3BE-B901-4976-B777-6437172DE2A4}.Release|Any CPU.Build.0 = Release|Any CPU
		{98E68A2D-D285-452D-913F-117C3D677996}.Debug|Any CPU.ActiveCfg = Debug|Any CPU
		{98E68A2D-D285-452D-913F-117C3D677996}.Debug|Any CPU.Build.0 = Debug|Any CPU
		{98E68A2D-D285-452D-913F-117C3D677996}.Release|Any CPU.ActiveCfg = Release|Any CPU
		{98E68A2D-D285-452D-913F-117C3D677996}.Release|Any CPU.Build.0 = Release|Any CPU
		{20BC5697-C466-4F3F-9A0A-14752907439A}.Debug|Any CPU.ActiveCfg = Debug|Any CPU
		{20BC5697-C466-4F3F-9A0A-14752907439A}.Debug|Any CPU.Build.0 = Debug|Any CPU
		{20BC5697-C466-4F3F-9A0A-14752907439A}.Release|Any CPU.ActiveCfg = Release|Any CPU
		{20BC5697-C466-4F3F-9A0A-14752907439A}.Release|Any CPU.Build.0 = Release|Any CPU
		{2DD0968F-681E-4C5E-9D74-8FF16F34BDE1}.Debug|Any CPU.ActiveCfg = Debug|Any CPU
		{2DD0968F-681E-4C5E-9D74-8FF16F34BDE1}.Debug|Any CPU.Build.0 = Debug|Any CPU
		{2DD0968F-681E-4C5E-9D74-8FF16F34BDE1}.Release|Any CPU.ActiveCfg = Release|Any CPU
		{2DD0968F-681E-4C5E-9D74-8FF16F34BDE1}.Release|Any CPU.Build.0 = Release|Any CPU
		{2090D4B6-A49E-48C6-8563-234F3921844A}.Debug|Any CPU.ActiveCfg = Debug|Any CPU
		{2090D4B6-A49E-48C6-8563-234F3921844A}.Debug|Any CPU.Build.0 = Debug|Any CPU
		{2090D4B6-A49E-48C6-8563-234F3921844A}.Release|Any CPU.ActiveCfg = Release|Any CPU
		{2090D4B6-A49E-48C6-8563-234F3921844A}.Release|Any CPU.Build.0 = Release|Any CPU
		{C5299879-4072-481E-A0C0-EC11555CEED8}.Debug|Any CPU.ActiveCfg = Debug|Any CPU
		{C5299879-4072-481E-A0C0-EC11555CEED8}.Debug|Any CPU.Build.0 = Debug|Any CPU
		{C5299879-4072-481E-A0C0-EC11555CEED8}.Release|Any CPU.ActiveCfg = Release|Any CPU
		{C5299879-4072-481E-A0C0-EC11555CEED8}.Release|Any CPU.Build.0 = Release|Any CPU
		{D790FF88-1734-42D2-9BD1-98E0B56D5F87}.Debug|Any CPU.ActiveCfg = Debug|Any CPU
		{D790FF88-1734-42D2-9BD1-98E0B56D5F87}.Debug|Any CPU.Build.0 = Debug|Any CPU
		{D790FF88-1734-42D2-9BD1-98E0B56D5F87}.Release|Any CPU.ActiveCfg = Release|Any CPU
		{D790FF88-1734-42D2-9BD1-98E0B56D5F87}.Release|Any CPU.Build.0 = Release|Any CPU
		{49807A97-C4B5-47A2-8C38-51F5661B019B}.Debug|Any CPU.ActiveCfg = Debug|Any CPU
		{49807A97-C4B5-47A2-8C38-51F5661B019B}.Debug|Any CPU.Build.0 = Debug|Any CPU
		{49807A97-C4B5-47A2-8C38-51F5661B019B}.Release|Any CPU.ActiveCfg = Release|Any CPU
		{49807A97-C4B5-47A2-8C38-51F5661B019B}.Release|Any CPU.Build.0 = Release|Any CPU
		{5DFE0BA7-49FE-4421-B8EB-1A82F6821B7A}.Debug|Any CPU.ActiveCfg = Debug|Any CPU
		{5DFE0BA7-49FE-4421-B8EB-1A82F6821B7A}.Debug|Any CPU.Build.0 = Debug|Any CPU
		{5DFE0BA7-49FE-4421-B8EB-1A82F6821B7A}.Release|Any CPU.ActiveCfg = Release|Any CPU
		{5DFE0BA7-49FE-4421-B8EB-1A82F6821B7A}.Release|Any CPU.Build.0 = Release|Any CPU
		{9FE60E91-AA72-4088-B48C-3C75B899062B}.Debug|Any CPU.ActiveCfg = Debug|Any CPU
		{9FE60E91-AA72-4088-B48C-3C75B899062B}.Debug|Any CPU.Build.0 = Debug|Any CPU
		{9FE60E91-AA72-4088-B48C-3C75B899062B}.Release|Any CPU.ActiveCfg = Release|Any CPU
		{9FE60E91-AA72-4088-B48C-3C75B899062B}.Release|Any CPU.Build.0 = Release|Any CPU
		{8915C7F3-AA91-41F8-ACCC-8644CAB223A9}.Debug|Any CPU.ActiveCfg = Debug|Any CPU
		{8915C7F3-AA91-41F8-ACCC-8644CAB223A9}.Debug|Any CPU.Build.0 = Debug|Any CPU
		{8915C7F3-AA91-41F8-ACCC-8644CAB223A9}.Release|Any CPU.ActiveCfg = Release|Any CPU
		{8915C7F3-AA91-41F8-ACCC-8644CAB223A9}.Release|Any CPU.Build.0 = Release|Any CPU
		{65BD0455-0735-4F04-BB02-E5AEB8719C38}.Debug|Any CPU.ActiveCfg = Debug|Any CPU
		{65BD0455-0735-4F04-BB02-E5AEB8719C38}.Debug|Any CPU.Build.0 = Debug|Any CPU
		{65BD0455-0735-4F04-BB02-E5AEB8719C38}.Release|Any CPU.ActiveCfg = Release|Any CPU
		{65BD0455-0735-4F04-BB02-E5AEB8719C38}.Release|Any CPU.Build.0 = Release|Any CPU
		{C8FAB45E-FF86-426E-B872-5562C04A8BD6}.Debug|Any CPU.ActiveCfg = Debug|Any CPU
		{C8FAB45E-FF86-426E-B872-5562C04A8BD6}.Debug|Any CPU.Build.0 = Debug|Any CPU
		{C8FAB45E-FF86-426E-B872-5562C04A8BD6}.Release|Any CPU.ActiveCfg = Release|Any CPU
		{C8FAB45E-FF86-426E-B872-5562C04A8BD6}.Release|Any CPU.Build.0 = Release|Any CPU
		{C1364193-C54D-40BC-ADA2-776472262909}.Debug|Any CPU.ActiveCfg = Debug|Any CPU
		{C1364193-C54D-40BC-ADA2-776472262909}.Debug|Any CPU.Build.0 = Debug|Any CPU
		{C1364193-C54D-40BC-ADA2-776472262909}.Release|Any CPU.ActiveCfg = Release|Any CPU
		{C1364193-C54D-40BC-ADA2-776472262909}.Release|Any CPU.Build.0 = Release|Any CPU
		{95C1A864-1182-4F75-BF3C-65F0CC7D1165}.Debug|Any CPU.ActiveCfg = Debug|Any CPU
		{95C1A864-1182-4F75-BF3C-65F0CC7D1165}.Debug|Any CPU.Build.0 = Debug|Any CPU
		{95C1A864-1182-4F75-BF3C-65F0CC7D1165}.Release|Any CPU.ActiveCfg = Release|Any CPU
		{95C1A864-1182-4F75-BF3C-65F0CC7D1165}.Release|Any CPU.Build.0 = Release|Any CPU
		{BD38631E-0E13-4216-A567-BF516B2B2B92}.Debug|Any CPU.ActiveCfg = Debug|Any CPU
		{BD38631E-0E13-4216-A567-BF516B2B2B92}.Debug|Any CPU.Build.0 = Debug|Any CPU
		{BD38631E-0E13-4216-A567-BF516B2B2B92}.Release|Any CPU.ActiveCfg = Release|Any CPU
		{BD38631E-0E13-4216-A567-BF516B2B2B92}.Release|Any CPU.Build.0 = Release|Any CPU
		{4F1C4981-7684-42D0-9030-3EFCE7E886CD}.Debug|Any CPU.ActiveCfg = Debug|Any CPU
		{4F1C4981-7684-42D0-9030-3EFCE7E886CD}.Debug|Any CPU.Build.0 = Debug|Any CPU
		{4F1C4981-7684-42D0-9030-3EFCE7E886CD}.Release|Any CPU.ActiveCfg = Release|Any CPU
		{4F1C4981-7684-42D0-9030-3EFCE7E886CD}.Release|Any CPU.Build.0 = Release|Any CPU
	EndGlobalSection
	GlobalSection(SolutionProperties) = preSolution
		HideSolutionNode = FALSE
	EndGlobalSection
	GlobalSection(NestedProjects) = preSolution
		{A4ADC55B-D3A9-4624-B089-0E2557ED251C} = {02EA681E-C7D8-13C7-8484-4AC65E1B71E8}
		{0B4FC3BE-B901-4976-B777-6437172DE2A4} = {02EA681E-C7D8-13C7-8484-4AC65E1B71E8}
		{98E68A2D-D285-452D-913F-117C3D677996} = {02EA681E-C7D8-13C7-8484-4AC65E1B71E8}
		{20BC5697-C466-4F3F-9A0A-14752907439A} = {B7F65D84-382A-4AE9-88CD-9F7752FBC125}
		{2DD0968F-681E-4C5E-9D74-8FF16F34BDE1} = {B7F65D84-382A-4AE9-88CD-9F7752FBC125}
		{2090D4B6-A49E-48C6-8563-234F3921844A} = {B7F65D84-382A-4AE9-88CD-9F7752FBC125}
		{C5299879-4072-481E-A0C0-EC11555CEED8} = {9ACFE146-E07A-4233-AAA7-2D794E442C25}
		{D790FF88-1734-42D2-9BD1-98E0B56D5F87} = {9ACFE146-E07A-4233-AAA7-2D794E442C25}
		{49807A97-C4B5-47A2-8C38-51F5661B019B} = {9ACFE146-E07A-4233-AAA7-2D794E442C25}
		{5DFE0BA7-49FE-4421-B8EB-1A82F6821B7A} = {C943FD77-8E8E-4EB3-BCBD-F01CC89EF4F9}
		{9FE60E91-AA72-4088-B48C-3C75B899062B} = {C943FD77-8E8E-4EB3-BCBD-F01CC89EF4F9}
		{8915C7F3-AA91-41F8-ACCC-8644CAB223A9} = {C943FD77-8E8E-4EB3-BCBD-F01CC89EF4F9}
		{65BD0455-0735-4F04-BB02-E5AEB8719C38} = {4EC3DC4A-5E5F-45CD-8DB5-211DF3761BFF}
		{C8FAB45E-FF86-426E-B872-5562C04A8BD6} = {4EC3DC4A-5E5F-45CD-8DB5-211DF3761BFF}
		{C1364193-C54D-40BC-ADA2-776472262909} = {4EC3DC4A-5E5F-45CD-8DB5-211DF3761BFF}
		{95C1A864-1182-4F75-BF3C-65F0CC7D1165} = {171333B0-CAE7-4080-A5BA-C957CDC6F6E4}
		{BD38631E-0E13-4216-A567-BF516B2B2B92} = {171333B0-CAE7-4080-A5BA-C957CDC6F6E4}
		{4F1C4981-7684-42D0-9030-3EFCE7E886CD} = {171333B0-CAE7-4080-A5BA-C957CDC6F6E4}
	EndGlobalSection
	GlobalSection(ExtensibilityGlobals) = postSolution
		SolutionGuid = {8E1BCABE-1B1F-4FE8-A4E9-356413FCC459}
	EndGlobalSection
EndGlobal
